<Solution>
  <Folder Name="/src/" />
  <Folder Name="/src/admin/Admin/">
    <Project Path="src/admin/Admin/FarmPlus.Admin.csproj" />
  </Folder>
  <Folder Name="/src/admin/AdminClient/">
    <Project Path="src/admin/AdminClient/FarmPlus.AdminClient.csproj" />
  </Folder>
  <Folder Name="/src/api/">
    <Project Path="src/api/FarmPlus.Api.csproj" />
  </Folder>
</Solution>
